<?xml version="1.0" encoding="utf-8"?>
<Project ToolsVersion="4.0" xmlns="http://schemas.microsoft.com/developer/msbuild/2003">
  <ItemGroup>
    <Filter Include="shader">
      <UniqueIdentifier>{289c3259-faba-4d79-a8db-9300bd399e7e}</UniqueIdentifier>
    </Filter>
    <Filter Include="src">
      <UniqueIdentifier>{2281570b-c61a-4ccc-8407-15ed56c38dc1}</UniqueIdentifier>
    </Filter>
    <Filter Include="src\System">
      <UniqueIdentifier>{70f11bab-67a0-4b6f-ae76-025ff397abc3}</UniqueIdentifier>
    </Filter>
    <Filter Include="src\System\Resource">
      <UniqueIdentifier>{7b1844bb-494f-4371-906a-9f26fe669062}</UniqueIdentifier>
    </Filter>
    <Filter Include="src\System\Render">
      <UniqueIdentifier>{1919b1e1-5ebb-48bc-9fd9-dfa506f1fc22}</UniqueIdentifier>
    </Filter>
    <Filter Include="src\System\Scene">
      <UniqueIdentifier>{46316171-e2a3-4267-b79b-dc5dc1b71500}</UniqueIdentifier>
    </Filter>
    <Filter Include="src\System\Tool">
      <UniqueIdentifier>{1fd04c67-020e-4a2c-bd2f-871d718f4bae}</UniqueIdentifier>
    </Filter>
    <Filter Include="src\System\Input">
      <UniqueIdentifier>{d23fbb4a-97db-407a-92bd-28c2388977b3}</UniqueIdentifier>
    </Filter>
    <Filter Include="src\System\Type">
      <UniqueIdentifier>{1b3ee4a7-1fbc-47c6-b927-96e23dccf591}</UniqueIdentifier>
    </Filter>
    <Filter Include="src\System\Object">
      <UniqueIdentifier>{76d43b68-f72d-494e-8c44-69f095655cf1}</UniqueIdentifier>
    </Filter>
    <Filter Include="src\Game">
      <UniqueIdentifier>{25b39c6a-b4ff-4873-8a6a-313353e3b0bc}</UniqueIdentifier>
    </Filter>
    <Filter Include="src\Game\Scene">
      <UniqueIdentifier>{a971a979-befb-4dbb-8289-d93ee6ca3e4c}</UniqueIdentifier>
    </Filter>
  </ItemGroup>
  <ItemGroup>
    <ClInclude Include="src\stdafx.h">
      <Filter>src\System</Filter>
    </ClInclude>
    <ClInclude Include="src\System.h">
      <Filter>src\System</Filter>
    </ClInclude>
    <ClInclude Include="src\Font.h">
      <Filter>src\System\Resource</Filter>
    </ClInclude>
    <ClInclude Include="src\Model.h">
      <Filter>src\System\Resource</Filter>
    </ClInclude>
    <ClInclude Include="src\Sound.h">
      <Filter>src\System\Resource</Filter>
    </ClInclude>
    <ClInclude Include="src\drawObj.h">
      <Filter>src\System\Render</Filter>
    </ClInclude>
    <ClInclude Include="src\SceneBase.h">
      <Filter>src\System\Scene</Filter>
    </ClInclude>
    <ClInclude Include="src\SceneManager.h">
      <Filter>src\System\Scene</Filter>
    </ClInclude>
    <ClInclude Include="src\Color.h">
      <Filter>src\System\Type</Filter>
    </ClInclude>
    <ClInclude Include="src\Vector.h">
      <Filter>src\System\Type</Filter>
    </ClInclude>
    <ClInclude Include="src\Matrix.h">
      <Filter>src\System\Type</Filter>
    </ClInclude>
    <ClInclude Include="src\typeDef.h">
      <Filter>src\System\Type</Filter>
    </ClInclude>
    <ClInclude Include="src\Camera.h">
      <Filter>src\System\Render</Filter>
    </ClInclude>
    <ClInclude Include="src\FrameRate.h">
      <Filter>src\System\Tool</Filter>
    </ClInclude>
    <ClInclude Include="src\KeyInput.h">
      <Filter>src\System\Input</Filter>
    </ClInclude>
    <ClInclude Include="src\Mouseinput.h">
      <Filter>src\System\Input</Filter>
    </ClInclude>
    <ClInclude Include="src\XInputPad.h">
      <Filter>src\System\Input</Filter>
    </ClInclude>
    <ClInclude Include="src\OpenGL.h">
      <Filter>src\System</Filter>
    </ClInclude>
    <ClInclude Include="src\SystemMain.h">
      <Filter>src\System</Filter>
    </ClInclude>
    <ClInclude Include="src\Singleton.h">
      <Filter>src\System</Filter>
    </ClInclude>
    <ClInclude Include="src\Light.h">
      <Filter>src\System\Render</Filter>
    </ClInclude>
    <ClInclude Include="src\SystemResource.h">
      <Filter>src\System</Filter>
    </ClInclude>
    <ClInclude Include="src\CpuUsage.h">
      <Filter>src\System\Tool</Filter>
    </ClInclude>
    <ClInclude Include="src\DataLoader.h">
      <Filter>src\System\Resource</Filter>
    </ClInclude>
    <ClInclude Include="src\Math.h">
      <Filter>src\System</Filter>
    </ClInclude>
    <ClInclude Include="src\GpuUsage.h">
      <Filter>src\System\Tool</Filter>
    </ClInclude>
    <ClInclude Include="src\Texture.h">
      <Filter>src\System\Resource</Filter>
    </ClInclude>
    <ClInclude Include="src\DeferredRenderer.h">
      <Filter>src\System\Render</Filter>
    </ClInclude>
    <ClInclude Include="src\FrameBuffer.h">
      <Filter>src\System\Render</Filter>
    </ClInclude>
    <ClInclude Include="src\BufferObject.h">
      <Filter>src\System\Render</Filter>
    </ClInclude>
    <ClInclude Include="src\Filter.h">
      <Filter>src\System\Render</Filter>
    </ClInclude>
    <ClInclude Include="src\ManagerBase.h">
      <Filter>src\System</Filter>
    </ClInclude>
    <ClInclude Include="src\Macro.h">
      <Filter>src\System</Filter>
    </ClInclude>
    <ClInclude Include="src\Particle.h">
      <Filter>src\System\Render</Filter>
    </ClInclude>
    <ClInclude Include="src\RefCounter.h">
      <Filter>src\System</Filter>
    </ClInclude>
    <ClInclude Include="src\Shader.h">
      <Filter>src\System\Render</Filter>
    </ClInclude>
    <ClInclude Include="src\Collision.h">
      <Filter>src\System\Object</Filter>
    </ClInclude>
    <ClInclude Include="src\Main.h">
      <Filter>src\System</Filter>
    </ClInclude>
    <ClInclude Include="src\SystemWork.h">
      <Filter>src\System</Filter>
    </ClInclude>
    <ClInclude Include="src\Tag.h">
      <Filter>src\System</Filter>
    </ClInclude>
    <ClInclude Include="src\Timer.h">
      <Filter>src\System</Filter>
    </ClInclude>
    <ClInclude Include="src\DebugManager.h">
      <Filter>src\System\Render</Filter>
    </ClInclude>
    <ClInclude Include="src\RenderManager.h">
      <Filter>src\System\Render</Filter>
    </ClInclude>
    <ClInclude Include="src\SceneGame.h">
      <Filter>src\Game\Scene</Filter>
    </ClInclude>
    <ClInclude Include="src\MyInclude.h">
      <Filter>src\Game</Filter>
    </ClInclude>
    <ClInclude Include="src\ProcessBase.h">
      <Filter>src\System\Object</Filter>
    </ClInclude>
    <ClInclude Include="src\MeshData.h">
      <Filter>src\System\Object</Filter>
    </ClInclude>
    <ClInclude Include="src\MeshBase.h">
      <Filter>src\System\Object</Filter>
    </ClInclude>
    <ClInclude Include="src\PointObject.h">
      <Filter>src\System\Object</Filter>
    </ClInclude>
    <ClInclude Include="src\GameObjectBase.h">
      <Filter>src\System\Object</Filter>
    </ClInclude>
  </ItemGroup>
  <ItemGroup>
    <ClCompile Include="src\stdafx.cpp">
      <Filter>src\System</Filter>
    </ClCompile>
    <ClCompile Include="src\System.cpp">
      <Filter>src\System</Filter>
    </ClCompile>
    <ClCompile Include="src\Font.cpp">
      <Filter>src\System\Resource</Filter>
    </ClCompile>
    <ClCompile Include="src\Model.cpp">
      <Filter>src\System\Resource</Filter>
    </ClCompile>
    <ClCompile Include="src\Sound.cpp">
      <Filter>src\System\Resource</Filter>
    </ClCompile>
    <ClCompile Include="src\drawObj.cpp">
      <Filter>src\System\Render</Filter>
    </ClCompile>
    <ClCompile Include="src\SceneBase.cpp">
      <Filter>src\System\Scene</Filter>
    </ClCompile>
    <ClCompile Include="src\SceneManager.cpp">
      <Filter>src\System\Scene</Filter>
    </ClCompile>
    <ClCompile Include="src\Color.cpp">
      <Filter>src\System\Type</Filter>
    </ClCompile>
    <ClCompile Include="src\Vector.cpp">
      <Filter>src\System\Type</Filter>
    </ClCompile>
    <ClCompile Include="src\Matrix.cpp">
      <Filter>src\System\Type</Filter>
    </ClCompile>
    <ClCompile Include="src\Camera.cpp">
      <Filter>src\System\Render</Filter>
    </ClCompile>
    <ClCompile Include="src\FrameRate.cpp">
      <Filter>src\System\Tool</Filter>
    </ClCompile>
    <ClCompile Include="src\KeyInput.cpp">
      <Filter>src\System\Input</Filter>
    </ClCompile>
    <ClCompile Include="src\Mouseinput.cpp">
      <Filter>src\System\Input</Filter>
    </ClCompile>
    <ClCompile Include="src\XInputPad.cpp">
      <Filter>src\System\Input</Filter>
    </ClCompile>
    <ClCompile Include="src\OpenGL.cpp">
      <Filter>src\System</Filter>
    </ClCompile>
    <ClCompile Include="src\SystemMain.cpp">
      <Filter>src\System</Filter>
    </ClCompile>
    <ClCompile Include="src\Light.cpp">
      <Filter>src\System\Render</Filter>
    </ClCompile>
    <ClCompile Include="src\SystemResource.cpp">
      <Filter>src\System</Filter>
    </ClCompile>
    <ClCompile Include="src\CpuUsage.cpp">
      <Filter>src\System\Tool</Filter>
    </ClCompile>
    <ClCompile Include="src\DataLoader.cpp">
      <Filter>src\System\Resource</Filter>
    </ClCompile>
    <ClCompile Include="src\Math.cpp">
      <Filter>src\System</Filter>
    </ClCompile>
    <ClCompile Include="src\GpuUsage.cpp">
      <Filter>src\System\Tool</Filter>
    </ClCompile>
    <ClCompile Include="src\Texture.cpp">
      <Filter>src\System\Resource</Filter>
    </ClCompile>
    <ClCompile Include="src\DeferredRenderer.cpp">
      <Filter>src\System\Render</Filter>
    </ClCompile>
    <ClCompile Include="src\FrameBuffer.cpp">
      <Filter>src\System\Render</Filter>
    </ClCompile>
    <ClCompile Include="src\BufferObject.cpp">
      <Filter>src\System\Render</Filter>
    </ClCompile>
    <ClCompile Include="src\Filter.cpp">
      <Filter>src\System\Render</Filter>
    </ClCompile>
    <ClCompile Include="src\ManagerBase.cpp">
      <Filter>src\System</Filter>
    </ClCompile>
    <ClCompile Include="src\Macro.cpp">
      <Filter>src\System</Filter>
    </ClCompile>
    <ClCompile Include="src\Particle.cpp">
      <Filter>src\System\Render</Filter>
    </ClCompile>
    <ClCompile Include="src\RefCounter.cpp">
      <Filter>src\System</Filter>
    </ClCompile>
    <ClCompile Include="src\Shader.cpp">
      <Filter>src\System\Render</Filter>
    </ClCompile>
    <ClCompile Include="src\Collision.cpp">
      <Filter>src\System\Object</Filter>
    </ClCompile>
    <ClCompile Include="src\SceneGame.cpp">
      <Filter>src\Game\Scene</Filter>
    </ClCompile>
    <ClCompile Include="src\Main.cpp">
      <Filter>src\System</Filter>
    </ClCompile>
    <ClCompile Include="src\SystemWork.cpp">
      <Filter>src\System</Filter>
    </ClCompile>
    <ClCompile Include="src\Tag.cpp">
      <Filter>src\System</Filter>
    </ClCompile>
    <ClCompile Include="src\Timer.cpp">
      <Filter>src\System</Filter>
    </ClCompile>
    <ClCompile Include="src\Singleton.cpp">
      <Filter>src\System</Filter>
    </ClCompile>
    <ClCompile Include="src\typeDef.cpp">
      <Filter>src\System\Type</Filter>
    </ClCompile>
    <ClCompile Include="src\DebugManager.cpp">
      <Filter>src\System\Render</Filter>
    </ClCompile>
    <ClCompile Include="src\RenderManager.cpp">
      <Filter>src\System\Render</Filter>
    </ClCompile>
    <ClCompile Include="src\MyInclude.cpp">
      <Filter>src\Game</Filter>
    </ClCompile>
    <ClCompile Include="src\ProcessBase.cpp">
      <Filter>src\System\Object</Filter>
    </ClCompile>
    <ClCompile Include="src\MeshData.cpp">
      <Filter>src\System\Object</Filter>
    </ClCompile>
    <ClCompile Include="src\MeshBase.cpp">
      <Filter>src\System\Object</Filter>
    </ClCompile>
    <ClCompile Include="src\PointObject.cpp">
      <Filter>src\System\Object</Filter>
    </ClCompile>
    <ClCompile Include="src\GameObjectBase.cpp">
      <Filter>src\System\Object</Filter>
    </ClCompile>
  </ItemGroup>
  <ItemGroup>
    <None Include="shader\Gaussian.frag">
      <Filter>shader</Filter>
    </None>
    <None Include="shader\Gaussian.vert">
      <Filter>shader</Filter>
    </None>
    <None Include="shader\GBuffer.frag">
      <Filter>shader</Filter>
    </None>
    <None Include="shader\GBuffer.vert">
      <Filter>shader</Filter>
    </None>
    <None Include="shader\Lighting.frag">
      <Filter>shader</Filter>
    </None>
    <None Include="shader\Lighting.vert">
      <Filter>shader</Filter>
    </None>
    <None Include="shader\Standard2D.frag">
      <Filter>shader</Filter>
    </None>
    <None Include="shader\Standard2D.vert">
      <Filter>shader</Filter>
    </None>
    <None Include="shader\ToneMapping.frag">
      <Filter>shader</Filter>
    </None>
    <None Include="shader\ToneMapping.vert">
      <Filter>shader</Filter>
    </None>
    <None Include="shader\Brightness.frag">
      <Filter>shader</Filter>
    </None>
    <None Include="shader\Brightness.vert">
      <Filter>shader</Filter>
    </None>
    <None Include="shader\Luminance.frag">
      <Filter>shader</Filter>
    </None>
    <None Include="shader\Luminance.vert">
      <Filter>shader</Filter>
    </None>
    <None Include="shader\Lighting.comp">
      <Filter>shader</Filter>
    </None>
    <None Include="shader\Emissive.frag">
      <Filter>shader</Filter>
    </None>
    <None Include="shader\Emissive.vert">
      <Filter>shader</Filter>
    </None>
  </ItemGroup>
</Project>